<?xml version="1.0" encoding="utf-8"?>
<Project ToolsVersion="4.0" xmlns="http://schemas.microsoft.com/developer/msbuild/2003">
  <ItemGroup>
    <Filter Include="ソース ファイル">
      <UniqueIdentifier>{4FC737F1-C7A5-4376-A066-2A32D752A2FF}</UniqueIdentifier>
      <Extensions>cpp;c;cc;cxx;c++;cppm;ixx;def;odl;idl;hpj;bat;asm;asmx</Extensions>
    </Filter>
    <Filter Include="ヘッダー ファイル">
      <UniqueIdentifier>{93995380-89BD-4b04-88EB-625FBE52EBFB}</UniqueIdentifier>
      <Extensions>h;hh;hpp;hxx;h++;hm;inl;inc;ipp;xsd</Extensions>
    </Filter>
    <Filter Include="リソース ファイル">
      <UniqueIdentifier>{67DA6AB6-F800-4c08-8B7A-83BB121AAD01}</UniqueIdentifier>
      <Extensions>rc;ico;cur;bmp;dlg;rc2;rct;bin;rgs;gif;jpg;jpeg;jpe;resx;tiff;tif;png;wav;mfcribbon-ms</Extensions>
    </Filter>
    <Filter Include="MyDxlib2DGame">
      <UniqueIdentifier>{99839ab4-73ec-4dfc-bc0d-d3630004f3f0}</UniqueIdentifier>
    </Filter>
    <Filter Include="ShootingGame">
      <UniqueIdentifier>{1e1d4ed4-16ed-408a-9d82-358069570a84}</UniqueIdentifier>
    </Filter>
    <Filter Include="GameCommon">
      <UniqueIdentifier>{3fa92fe6-9e9b-4a6b-8c59-7c263f2f9c25}</UniqueIdentifier>
    </Filter>
    <Filter Include="PlatformGame">
      <UniqueIdentifier>{323c7984-d22b-4e70-b2be-d83bac56e214}</UniqueIdentifier>
    </Filter>
  </ItemGroup>
  <ItemGroup>
    <ClCompile Include="main.cpp">
      <Filter>ソース ファイル</Filter>
    </ClCompile>
    <ClCompile Include="MyDxlib2DGame\Vector2.cpp">
      <Filter>MyDxlib2DGame</Filter>
    </ClCompile>
    <ClCompile Include="TitleScene.cpp">
      <Filter>ソース ファイル</Filter>
    </ClCompile>
    <ClCompile Include="MyDxlib2DGame\InputKey.cpp">
      <Filter>MyDxlib2DGame</Filter>
    </ClCompile>
    <ClCompile Include="MyDxlib2DGame\InputMouse.cpp">
      <Filter>MyDxlib2DGame</Filter>
    </ClCompile>
    <ClCompile Include="ShootingPlayer.cpp">
      <Filter>ShootingGame</Filter>
    </ClCompile>
    <ClCompile Include="ShootingScene.cpp">
      <Filter>ShootingGame</Filter>
    </ClCompile>
    <ClCompile Include="SimpleBullet.cpp">
      <Filter>GameCommon</Filter>
    </ClCompile>
    <ClCompile Include="PlatformScene.cpp">
      <Filter>PlatformGame</Filter>
    </ClCompile>
    <ClCompile Include="ShootingEnemy.cpp">
      <Filter>ShootingGame</Filter>
    </ClCompile>
    <ClCompile Include="OverScene.cpp">
      <Filter>ソース ファイル</Filter>
    </ClCompile>
    <ClCompile Include="ClearScene.cpp">
      <Filter>ソース ファイル</Filter>
    </ClCompile>
  </ItemGroup>
  <ItemGroup>
    <None Include=".gitignore">
      <Filter>リソース ファイル</Filter>
    </None>
  </ItemGroup>
  <ItemGroup>
    <ClInclude Include="MyDxlib2DGame\_baseGameObject2D.h">
      <Filter>MyDxlib2DGame</Filter>
    </ClInclude>
    <ClInclude Include="MyDxlib2DGame\ConsoleDebug.h">
      <Filter>MyDxlib2DGame</Filter>
    </ClInclude>
    <ClInclude Include="MyDxlib2DGame\MyDxlib2DGame.h">
      <Filter>MyDxlib2DGame</Filter>
    </ClInclude>
    <ClInclude Include="MyDxlib2DGame\Rigidbody2D.h">
      <Filter>MyDxlib2DGame</Filter>
    </ClInclude>
    <ClInclude Include="MyDxlib2DGame\TimeTool.h">
      <Filter>MyDxlib2DGame</Filter>
    </ClInclude>
    <ClInclude Include="MyDxlib2DGame\Transform2D.h">
      <Filter>MyDxlib2DGame</Filter>
    </ClInclude>
    <ClInclude Include="MyDxlib2DGame\Vector2.h">
      <Filter>MyDxlib2DGame</Filter>
    </ClInclude>
    <ClInclude Include="MyDxlib2DGame\_baseGameScene.h">
      <Filter>MyDxlib2DGame</Filter>
    </ClInclude>
    <ClInclude Include="TitleScene.h">
      <Filter>ヘッダー ファイル</Filter>
    </ClInclude>
    <ClInclude Include="MyDxlib2DGame\SimpleText.h">
      <Filter>MyDxlib2DGame</Filter>
    </ClInclude>
    <ClInclude Include="GameSetting.h">
      <Filter>ヘッダー ファイル</Filter>
    </ClInclude>
    <ClInclude Include="MyDxlib2DGame\InputKey.h">
      <Filter>MyDxlib2DGame</Filter>
    </ClInclude>
    <ClInclude Include="MyDxlib2DGame\InputMouse.h">
      <Filter>MyDxlib2DGame</Filter>
    </ClInclude>
    <ClInclude Include="ShootingPlayer.h">
      <Filter>ShootingGame</Filter>
    </ClInclude>
    <ClInclude Include="ShootingScene.h">
      <Filter>ShootingGame</Filter>
    </ClInclude>
    <ClInclude Include="SimpleBullet.h">
      <Filter>GameCommon</Filter>
    </ClInclude>
    <ClInclude Include="PlatformScene.h">
      <Filter>PlatformGame</Filter>
    </ClInclude>
    <ClInclude Include="ShootingEnemy.h">
      <Filter>ShootingGame</Filter>
    </ClInclude>
    <ClInclude Include="MyDxlib2DGame\CircleCollision2D.h">
      <Filter>MyDxlib2DGame</Filter>
    </ClInclude>
    <ClInclude Include="MyDxlib2DGame\Color.h">
      <Filter>MyDxlib2DGame</Filter>
    </ClInclude>
    <ClInclude Include="OverScene.h">
      <Filter>ヘッダー ファイル</Filter>
    </ClInclude>
    <ClInclude Include="ClearScene.h">
      <Filter>ヘッダー ファイル</Filter>
    </ClInclude>
  </ItemGroup>
</Project>